
Microsoft Visual Studio Solution File, Format Version 12.00
# Visual Studio Version 17
VisualStudioVersion = 17.13.35931.197
MinimumVisualStudioVersion = 10.0.40219.1
Project("{FAE04EC0-301F-11D3-BF4B-00C04F79EFBC}") = "FirstDegree", "FirstDegree\FirstDegree.csproj", "{7795803A-1B85-4F18-A45D-9A27881F81B7}"
EndProject
Project("{FAE04EC0-301F-11D3-BF4B-00C04F79EFBC}") = "SimpleCalculation", "SimpleCalculation\SimpleCalculation.csproj", "{C8313992-2B37-4B59-A83C-AF059354C0D2}"
EndProject
Project("{FAE04EC0-301F-11D3-BF4B-00C04F79EFBC}") = "FullStructureProject", "FullStructureProject\FullStructureProject.csproj", "{BC68303D-447B-49BB-872F-005B79CDEF4F}"
EndProject
Project("{FAE04EC0-301F-11D3-BF4B-00C04F79EFBC}") = "VarAndDynamic", "VarAndDynamic\VarAndDynamic.csproj", "{0A1ED748-FC14-4519-9F05-B14180983635}"
EndProject
Project("{FAE04EC0-301F-11D3-BF4B-00C04F79EFBC}") = "QuadraticEquation", "QuadraticEquation\QuadraticEquation.csproj", "{43B601CF-C919-4A17-A395-2065934E6FA9}"
EndProject
Project("{FAE04EC0-301F-11D3-BF4B-00C04F79EFBC}") = "StringInteraction", "StringInteraction\StringInteraction.csproj", "{1CE60B2F-9C51-430A-A1EC-A7C131BA0B7C}"
EndProject
Project("{FAE04EC0-301F-11D3-BF4B-00C04F79EFBC}") = "CallByReference", "CallByReference\CallByReference.csproj", "{9D06BCCF-B76E-4FFB-9798-0BD35670A34E}"
EndProject
Project("{FAE04EC0-301F-11D3-BF4B-00C04F79EFBC}") = "TryParseVaLoop", "TryParseVaLoop\TryParseVaLoop.csproj", "{7FDAD4D1-E6AE-4851-B266-666120E023FE}"
EndProject
Project("{FAE04EC0-301F-11D3-BF4B-00C04F79EFBC}") = "ParamForArray", "ParamForArray\ParamForArray.csproj", "{CEEA21B9-1ED2-4ED5-BB58-DC7418130504}"
EndProject
Project("{FAE04EC0-301F-11D3-BF4B-00C04F79EFBC}") = "StaticAndNonStaticMethod", "StaticAndNonStaticMethod\StaticAndNonStaticMethod.csproj", "{0B12FC7E-C2C5-4938-98E0-419EE9E4FE9D}"
EndProject
Project("{FAE04EC0-301F-11D3-BF4B-00C04F79EFBC}") = "Tuple", "Tuple\Tuple.csproj", "{BBA3B056-53DD-43FF-B83C-879B1CE05029}"
EndProject
Project("{FAE04EC0-301F-11D3-BF4B-00C04F79EFBC}") = "SortArray", "SortArray\SortArray.csproj", "{FDE54CE3-B435-4A28-ACBE-AF81B2644407}"
EndProject
Project("{FAE04EC0-301F-11D3-BF4B-00C04F79EFBC}") = "Matrix", "Matrix\Matrix.csproj", "{D7672293-324D-4D72-B318-855315EF38D1}"
EndProject
Project("{FAE04EC0-301F-11D3-BF4B-00C04F79EFBC}") = "OOP1", "OOP1\OOP1.csproj", "{BEEF4D2E-DDC4-4FDC-AA5E-C7AAF4E782C3}"
EndProject
Project("{FAE04EC0-301F-11D3-BF4B-00C04F79EFBC}") = "OOP2", "OOP2\OOP2.csproj", "{68F83410-B886-4982-BA9F-290A40A6E415}"
EndProject
Project("{FAE04EC0-301F-11D3-BF4B-00C04F79EFBC}") = "OOP3_ExtendsionMethod", "OOP3_ExtendsionMethod\OOP3_ExtendsionMethod.csproj", "{D0746E35-64D4-4072-B62F-4BFDBBAE40A9}"
EndProject
Project("{FAE04EC0-301F-11D3-BF4B-00C04F79EFBC}") = "OOP2_REUSE_LIBRARY", "OOP2_REUSE_LIBRARY\OOP2_REUSE_LIBRARY.csproj", "{36071A65-9266-47D3-AA9D-43D71B7F68D0}"
EndProject
Project("{FAE04EC0-301F-11D3-BF4B-00C04F79EFBC}") = "OOP4_Generic_Collection", "OOP4_Generic_Collection\OOP4_Generic_Collection.csproj", "{08DCDBB7-7259-4538-AB71-265E14267CB1}"
EndProject
Project("{FAE04EC0-301F-11D3-BF4B-00C04F79EFBC}") = "Dictionary", "Dictionary\Dictionary.csproj", "{F8B60070-D8B8-445D-B436-7702D6947D41}"
EndProject
Project("{2150E333-8FDC-42A3-9474-1A3956D46DE8}") = "Chapter5", "Chapter5", "{02EA681E-C7D8-13C7-8484-4AC65E1B71E8}"
EndProject
Project("{FAE04EC0-301F-11D3-BF4B-00C04F79EFBC}") = "BuilderPattern", "BuilderPattern\BuilderPattern.csproj", "{044DE341-433F-5702-4D82-2BB3FD3832E3}"
EndProject
Project("{FAE04EC0-301F-11D3-BF4B-00C04F79EFBC}") = "FactoriesPattern", "FactoriesPattern\FactoriesPattern.csproj", "{15ADFCBE-9B56-7B0A-7AE5-771D29B1F4C9}"
EndProject
Project("{FAE04EC0-301F-11D3-BF4B-00C04F79EFBC}") = "ObserverPattern", "ObserverPattern\ObserverPattern.csproj", "{FEBF851F-917B-C45E-D2B8-7873FE9FDB40}"
EndProject
Project("{FAE04EC0-301F-11D3-BF4B-00C04F79EFBC}") = "SingletonPattern", "SingletonPattern\SingletonPattern.csproj", "{FABC0CC8-7E79-3D9B-8D56-17C4207BB104}"
EndProject
Project("{FAE04EC0-301F-11D3-BF4B-00C04F79EFBC}") = "PrototypePattern", "PrototypePattern\PrototypePattern.csproj", "{92C92FD4-253A-352A-CA1D-8ACA5E5F3868}"
EndProject
Project("{FAE04EC0-301F-11D3-BF4B-00C04F79EFBC}") = "DemoAliasAndClone", "DemoAliasAndClone\DemoAliasAndClone.csproj", "{E1934F88-0E23-405B-AA3B-A824B8598A9D}"
EndProject
Project("{2150E333-8FDC-42A3-9474-1A3956D46DE8}") = "Chapter6", "Chapter6", "{934DC86E-0BCC-427C-AE4F-DAC16D73FE31}"
EndProject
Project("{FAE04EC0-301F-11D3-BF4B-00C04F79EFBC}") = "DemoDelegate", "DemoDelegate\DemoDelegate.csproj", "{9A96136B-5571-4C16-A023-D83AFE1A14DE}"
EndProject
Project("{FAE04EC0-301F-11D3-BF4B-00C04F79EFBC}") = "DemoLINQ2Object1", "DemoLINQ2Object1\DemoLINQ2Object1.csproj", "{E766E2EC-126F-41B6-A906-9DD918CE3264}"
EndProject
Project("{FAE04EC0-301F-11D3-BF4B-00C04F79EFBC}") = "DemoLINQ2Object2", "DemoLINQ2Object2\DemoLINQ2Object2.csproj", "{8EF9E1B6-1CD9-4646-97EB-021E8875A061}"
EndProject
Project("{FAE04EC0-301F-11D3-BF4B-00C04F79EFBC}") = "DemoLINQToSQL", "DemoLINQToSQL\DemoLINQToSQL.csproj", "{33BACBC7-D3E1-45DA-9AF3-CC0DCDC468DA}"
EndProject
Project("{FAE04EC0-301F-11D3-BF4B-00C04F79EFBC}") = "Lucy_SalesManagement", "Lucy_SalesManagement\Lucy_SalesManagement.csproj", "{4D79538B-A1D4-4051-97B7-81684498C6E9}"
EndProject
Global
	GlobalSection(SolutionConfigurationPlatforms) = preSolution
		Debug|Any CPU = Debug|Any CPU
		Release|Any CPU = Release|Any CPU
	EndGlobalSection
	GlobalSection(ProjectConfigurationPlatforms) = postSolution
		{7795803A-1B85-4F18-A45D-9A27881F81B7}.Debug|Any CPU.ActiveCfg = Debug|Any CPU
		{7795803A-1B85-4F18-A45D-9A27881F81B7}.Debug|Any CPU.Build.0 = Debug|Any CPU
		{7795803A-1B85-4F18-A45D-9A27881F81B7}.Release|Any CPU.ActiveCfg = Release|Any CPU
		{7795803A-1B85-4F18-A45D-9A27881F81B7}.Release|Any CPU.Build.0 = Release|Any CPU
		{C8313992-2B37-4B59-A83C-AF059354C0D2}.Debug|Any CPU.ActiveCfg = Debug|Any CPU
		{C8313992-2B37-4B59-A83C-AF059354C0D2}.Debug|Any CPU.Build.0 = Debug|Any CPU
		{C8313992-2B37-4B59-A83C-AF059354C0D2}.Release|Any CPU.ActiveCfg = Release|Any CPU
		{C8313992-2B37-4B59-A83C-AF059354C0D2}.Release|Any CPU.Build.0 = Release|Any CPU
		{BC68303D-447B-49BB-872F-005B79CDEF4F}.Debug|Any CPU.ActiveCfg = Debug|Any CPU
		{BC68303D-447B-49BB-872F-005B79CDEF4F}.Debug|Any CPU.Build.0 = Debug|Any CPU
		{BC68303D-447B-49BB-872F-005B79CDEF4F}.Release|Any CPU.ActiveCfg = Release|Any CPU
		{BC68303D-447B-49BB-872F-005B79CDEF4F}.Release|Any CPU.Build.0 = Release|Any CPU
		{0A1ED748-FC14-4519-9F05-B14180983635}.Debug|Any CPU.ActiveCfg = Debug|Any CPU
		{0A1ED748-FC14-4519-9F05-B14180983635}.Debug|Any CPU.Build.0 = Debug|Any CPU
		{0A1ED748-FC14-4519-9F05-B14180983635}.Release|Any CPU.ActiveCfg = Release|Any CPU
		{0A1ED748-FC14-4519-9F05-B14180983635}.Release|Any CPU.Build.0 = Release|Any CPU
		{43B601CF-C919-4A17-A395-2065934E6FA9}.Debug|Any CPU.ActiveCfg = Debug|Any CPU
		{43B601CF-C919-4A17-A395-2065934E6FA9}.Debug|Any CPU.Build.0 = Debug|Any CPU
		{43B601CF-C919-4A17-A395-2065934E6FA9}.Release|Any CPU.ActiveCfg = Release|Any CPU
		{43B601CF-C919-4A17-A395-2065934E6FA9}.Release|Any CPU.Build.0 = Release|Any CPU
		{1CE60B2F-9C51-430A-A1EC-A7C131BA0B7C}.Debug|Any CPU.ActiveCfg = Debug|Any CPU
		{1CE60B2F-9C51-430A-A1EC-A7C131BA0B7C}.Debug|Any CPU.Build.0 = Debug|Any CPU
		{1CE60B2F-9C51-430A-A1EC-A7C131BA0B7C}.Release|Any CPU.ActiveCfg = Release|Any CPU
		{1CE60B2F-9C51-430A-A1EC-A7C131BA0B7C}.Release|Any CPU.Build.0 = Release|Any CPU
		{9D06BCCF-B76E-4FFB-9798-0BD35670A34E}.Debug|Any CPU.ActiveCfg = Debug|Any CPU
		{9D06BCCF-B76E-4FFB-9798-0BD35670A34E}.Debug|Any CPU.Build.0 = Debug|Any CPU
		{9D06BCCF-B76E-4FFB-9798-0BD35670A34E}.Release|Any CPU.ActiveCfg = Release|Any CPU
		{9D06BCCF-B76E-4FFB-9798-0BD35670A34E}.Release|Any CPU.Build.0 = Release|Any CPU
		{7FDAD4D1-E6AE-4851-B266-666120E023FE}.Debug|Any CPU.ActiveCfg = Debug|Any CPU
		{7FDAD4D1-E6AE-4851-B266-666120E023FE}.Debug|Any CPU.Build.0 = Debug|Any CPU
		{7FDAD4D1-E6AE-4851-B266-666120E023FE}.Release|Any CPU.ActiveCfg = Release|Any CPU
		{7FDAD4D1-E6AE-4851-B266-666120E023FE}.Release|Any CPU.Build.0 = Release|Any CPU
		{CEEA21B9-1ED2-4ED5-BB58-DC7418130504}.Debug|Any CPU.ActiveCfg = Debug|Any CPU
		{CEEA21B9-1ED2-4ED5-BB58-DC7418130504}.Debug|Any CPU.Build.0 = Debug|Any CPU
		{CEEA21B9-1ED2-4ED5-BB58-DC7418130504}.Release|Any CPU.ActiveCfg = Release|Any CPU
		{CEEA21B9-1ED2-4ED5-BB58-DC7418130504}.Release|Any CPU.Build.0 = Release|Any CPU
		{0B12FC7E-C2C5-4938-98E0-419EE9E4FE9D}.Debug|Any CPU.ActiveCfg = Debug|Any CPU
		{0B12FC7E-C2C5-4938-98E0-419EE9E4FE9D}.Debug|Any CPU.Build.0 = Debug|Any CPU
		{0B12FC7E-C2C5-4938-98E0-419EE9E4FE9D}.Release|Any CPU.ActiveCfg = Release|Any CPU
		{0B12FC7E-C2C5-4938-98E0-419EE9E4FE9D}.Release|Any CPU.Build.0 = Release|Any CPU
		{BBA3B056-53DD-43FF-B83C-879B1CE05029}.Debug|Any CPU.ActiveCfg = Debug|Any CPU
		{BBA3B056-53DD-43FF-B83C-879B1CE05029}.Debug|Any CPU.Build.0 = Debug|Any CPU
		{BBA3B056-53DD-43FF-B83C-879B1CE05029}.Release|Any CPU.ActiveCfg = Release|Any CPU
		{BBA3B056-53DD-43FF-B83C-879B1CE05029}.Release|Any CPU.Build.0 = Release|Any CPU
		{FDE54CE3-B435-4A28-ACBE-AF81B2644407}.Debug|Any CPU.ActiveCfg = Debug|Any CPU
		{FDE54CE3-B435-4A28-ACBE-AF81B2644407}.Debug|Any CPU.Build.0 = Debug|Any CPU
		{FDE54CE3-B435-4A28-ACBE-AF81B2644407}.Release|Any CPU.ActiveCfg = Release|Any CPU
		{FDE54CE3-B435-4A28-ACBE-AF81B2644407}.Release|Any CPU.Build.0 = Release|Any CPU
		{D7672293-324D-4D72-B318-855315EF38D1}.Debug|Any CPU.ActiveCfg = Debug|Any CPU
		{D7672293-324D-4D72-B318-855315EF38D1}.Debug|Any CPU.Build.0 = Debug|Any CPU
		{D7672293-324D-4D72-B318-855315EF38D1}.Release|Any CPU.ActiveCfg = Release|Any CPU
		{D7672293-324D-4D72-B318-855315EF38D1}.Release|Any CPU.Build.0 = Release|Any CPU
		{BEEF4D2E-DDC4-4FDC-AA5E-C7AAF4E782C3}.Debug|Any CPU.ActiveCfg = Debug|Any CPU
		{BEEF4D2E-DDC4-4FDC-AA5E-C7AAF4E782C3}.Debug|Any CPU.Build.0 = Debug|Any CPU
		{BEEF4D2E-DDC4-4FDC-AA5E-C7AAF4E782C3}.Release|Any CPU.ActiveCfg = Release|Any CPU
		{BEEF4D2E-DDC4-4FDC-AA5E-C7AAF4E782C3}.Release|Any CPU.Build.0 = Release|Any CPU
		{68F83410-B886-4982-BA9F-290A40A6E415}.Debug|Any CPU.ActiveCfg = Debug|Any CPU
		{68F83410-B886-4982-BA9F-290A40A6E415}.Debug|Any CPU.Build.0 = Debug|Any CPU
		{68F83410-B886-4982-BA9F-290A40A6E415}.Release|Any CPU.ActiveCfg = Release|Any CPU
		{68F83410-B886-4982-BA9F-290A40A6E415}.Release|Any CPU.Build.0 = Release|Any CPU
		{D0746E35-64D4-4072-B62F-4BFDBBAE40A9}.Debug|Any CPU.ActiveCfg = Debug|Any CPU
		{D0746E35-64D4-4072-B62F-4BFDBBAE40A9}.Debug|Any CPU.Build.0 = Debug|Any CPU
		{D0746E35-64D4-4072-B62F-4BFDBBAE40A9}.Release|Any CPU.ActiveCfg = Release|Any CPU
		{D0746E35-64D4-4072-B62F-4BFDBBAE40A9}.Release|Any CPU.Build.0 = Release|Any CPU
		{36071A65-9266-47D3-AA9D-43D71B7F68D0}.Debug|Any CPU.ActiveCfg = Debug|Any CPU
		{36071A65-9266-47D3-AA9D-43D71B7F68D0}.Debug|Any CPU.Build.0 = Debug|Any CPU
		{36071A65-9266-47D3-AA9D-43D71B7F68D0}.Release|Any CPU.ActiveCfg = Release|Any CPU
		{36071A65-9266-47D3-AA9D-43D71B7F68D0}.Release|Any CPU.Build.0 = Release|Any CPU
		{08DCDBB7-7259-4538-AB71-265E14267CB1}.Debug|Any CPU.ActiveCfg = Debug|Any CPU
		{08DCDBB7-7259-4538-AB71-265E14267CB1}.Debug|Any CPU.Build.0 = Debug|Any CPU
		{08DCDBB7-7259-4538-AB71-265E14267CB1}.Release|Any CPU.ActiveCfg = Release|Any CPU
		{08DCDBB7-7259-4538-AB71-265E14267CB1}.Release|Any CPU.Build.0 = Release|Any CPU
		{F8B60070-D8B8-445D-B436-7702D6947D41}.Debug|Any CPU.ActiveCfg = Debug|Any CPU
		{F8B60070-D8B8-445D-B436-7702D6947D41}.Debug|Any CPU.Build.0 = Debug|Any CPU
		{F8B60070-D8B8-445D-B436-7702D6947D41}.Release|Any CPU.ActiveCfg = Release|Any CPU
		{F8B60070-D8B8-445D-B436-7702D6947D41}.Release|Any CPU.Build.0 = Release|Any CPU
		{044DE341-433F-5702-4D82-2BB3FD3832E3}.Debug|Any CPU.ActiveCfg = Debug|Any CPU
		{044DE341-433F-5702-4D82-2BB3FD3832E3}.Debug|Any CPU.Build.0 = Debug|Any CPU
		{044DE341-433F-5702-4D82-2BB3FD3832E3}.Release|Any CPU.ActiveCfg = Release|Any CPU
		{044DE341-433F-5702-4D82-2BB3FD3832E3}.Release|Any CPU.Build.0 = Release|Any CPU
		{15ADFCBE-9B56-7B0A-7AE5-771D29B1F4C9}.Debug|Any CPU.ActiveCfg = Debug|Any CPU
		{15ADFCBE-9B56-7B0A-7AE5-771D29B1F4C9}.Debug|Any CPU.Build.0 = Debug|Any CPU
		{15ADFCBE-9B56-7B0A-7AE5-771D29B1F4C9}.Release|Any CPU.ActiveCfg = Release|Any CPU
		{15ADFCBE-9B56-7B0A-7AE5-771D29B1F4C9}.Release|Any CPU.Build.0 = Release|Any CPU
		{FEBF851F-917B-C45E-D2B8-7873FE9FDB40}.Debug|Any CPU.ActiveCfg = Debug|Any CPU
		{FEBF851F-917B-C45E-D2B8-7873FE9FDB40}.Debug|Any CPU.Build.0 = Debug|Any CPU
		{FEBF851F-917B-C45E-D2B8-7873FE9FDB40}.Release|Any CPU.ActiveCfg = Release|Any CPU
		{FEBF851F-917B-C45E-D2B8-7873FE9FDB40}.Release|Any CPU.Build.0 = Release|Any CPU
		{FABC0CC8-7E79-3D9B-8D56-17C4207BB104}.Debug|Any CPU.ActiveCfg = Debug|Any CPU
		{FABC0CC8-7E79-3D9B-8D56-17C4207BB104}.Debug|Any CPU.Build.0 = Debug|Any CPU
		{FABC0CC8-7E79-3D9B-8D56-17C4207BB104}.Release|Any CPU.ActiveCfg = Release|Any CPU
		{FABC0CC8-7E79-3D9B-8D56-17C4207BB104}.Release|Any CPU.Build.0 = Release|Any CPU
		{92C92FD4-253A-352A-CA1D-8ACA5E5F3868}.Debug|Any CPU.ActiveCfg = Debug|Any CPU
		{92C92FD4-253A-352A-CA1D-8ACA5E5F3868}.Debug|Any CPU.Build.0 = Debug|Any CPU
		{92C92FD4-253A-352A-CA1D-8ACA5E5F3868}.Release|Any CPU.ActiveCfg = Release|Any CPU
		{92C92FD4-253A-352A-CA1D-8ACA5E5F3868}.Release|Any CPU.Build.0 = Release|Any CPU
		{E1934F88-0E23-405B-AA3B-A824B8598A9D}.Debug|Any CPU.ActiveCfg = Debug|Any CPU
		{E1934F88-0E23-405B-AA3B-A824B8598A9D}.Debug|Any CPU.Build.0 = Debug|Any CPU
		{E1934F88-0E23-405B-AA3B-A824B8598A9D}.Release|Any CPU.ActiveCfg = Release|Any CPU
		{E1934F88-0E23-405B-AA3B-A824B8598A9D}.Release|Any CPU.Build.0 = Release|Any CPU
		{9A96136B-5571-4C16-A023-D83AFE1A14DE}.Debug|Any CPU.ActiveCfg = Debug|Any CPU
		{9A96136B-5571-4C16-A023-D83AFE1A14DE}.Debug|Any CPU.Build.0 = Debug|Any CPU
		{9A96136B-5571-4C16-A023-D83AFE1A14DE}.Release|Any CPU.ActiveCfg = Release|Any CPU
		{9A96136B-5571-4C16-A023-D83AFE1A14DE}.Release|Any CPU.Build.0 = Release|Any CPU
		{E766E2EC-126F-41B6-A906-9DD918CE3264}.Debug|Any CPU.ActiveCfg = Debug|Any CPU
		{E766E2EC-126F-41B6-A906-9DD918CE3264}.Debug|Any CPU.Build.0 = Debug|Any CPU
		{E766E2EC-126F-41B6-A906-9DD918CE3264}.Release|Any CPU.ActiveCfg = Release|Any CPU
		{E766E2EC-126F-41B6-A906-9DD918CE3264}.Release|Any CPU.Build.0 = Release|Any CPU
		{8EF9E1B6-1CD9-4646-97EB-021E8875A061}.Debug|Any CPU.ActiveCfg = Debug|Any CPU
		{8EF9E1B6-1CD9-4646-97EB-021E8875A061}.Debug|Any CPU.Build.0 = Debug|Any CPU
		{8EF9E1B6-1CD9-4646-97EB-021E8875A061}.Release|Any CPU.ActiveCfg = Release|Any CPU
		{8EF9E1B6-1CD9-4646-97EB-021E8875A061}.Release|Any CPU.Build.0 = Release|Any CPU
		{33BACBC7-D3E1-45DA-9AF3-CC0DCDC468DA}.Debug|Any CPU.ActiveCfg = Debug|Any CPU
		{33BACBC7-D3E1-45DA-9AF3-CC0DCDC468DA}.Debug|Any CPU.Build.0 = Debug|Any CPU
		{33BACBC7-D3E1-45DA-9AF3-CC0DCDC468DA}.Release|Any CPU.ActiveCfg = Release|Any CPU
		{33BACBC7-D3E1-45DA-9AF3-CC0DCDC468DA}.Release|Any CPU.Build.0 = Release|Any CPU
		{4D79538B-A1D4-4051-97B7-81684498C6E9}.Debug|Any CPU.ActiveCfg = Debug|Any CPU
		{4D79538B-A1D4-4051-97B7-81684498C6E9}.Debug|Any CPU.Build.0 = Debug|Any CPU
		{4D79538B-A1D4-4051-97B7-81684498C6E9}.Release|Any CPU.ActiveCfg = Release|Any CPU
		{4D79538B-A1D4-4051-97B7-81684498C6E9}.Release|Any CPU.Build.0 = Release|Any CPU
	EndGlobalSection
	GlobalSection(SolutionProperties) = preSolution
		HideSolutionNode = FALSE
	EndGlobalSection
	GlobalSection(NestedProjects) = preSolution
		{044DE341-433F-5702-4D82-2BB3FD3832E3} = {02EA681E-C7D8-13C7-8484-4AC65E1B71E8}
		{15ADFCBE-9B56-7B0A-7AE5-771D29B1F4C9} = {02EA681E-C7D8-13C7-8484-4AC65E1B71E8}
		{FEBF851F-917B-C45E-D2B8-7873FE9FDB40} = {02EA681E-C7D8-13C7-8484-4AC65E1B71E8}
		{FABC0CC8-7E79-3D9B-8D56-17C4207BB104} = {02EA681E-C7D8-13C7-8484-4AC65E1B71E8}
		{92C92FD4-253A-352A-CA1D-8ACA5E5F3868} = {02EA681E-C7D8-13C7-8484-4AC65E1B71E8}
		{E1934F88-0E23-405B-AA3B-A824B8598A9D} = {02EA681E-C7D8-13C7-8484-4AC65E1B71E8}
		{9A96136B-5571-4C16-A023-D83AFE1A14DE} = {934DC86E-0BCC-427C-AE4F-DAC16D73FE31}
		{E766E2EC-126F-41B6-A906-9DD918CE3264} = {934DC86E-0BCC-427C-AE4F-DAC16D73FE31}
		{8EF9E1B6-1CD9-4646-97EB-021E8875A061} = {934DC86E-0BCC-427C-AE4F-DAC16D73FE31}
		{33BACBC7-D3E1-45DA-9AF3-CC0DCDC468DA} = {934DC86E-0BCC-427C-AE4F-DAC16D73FE31}
		{4D79538B-A1D4-4051-97B7-81684498C6E9} = {934DC86E-0BCC-427C-AE4F-DAC16D73FE31}
	EndGlobalSection
	GlobalSection(ExtensibilityGlobals) = postSolution
		SolutionGuid = {1D4CF440-32D4-4837-9132-0B9B836B6688}
	EndGlobalSection
EndGlobal
