
Microsoft Visual Studio Solution File, Format Version 12.00
# Visual Studio Version 17
VisualStudioVersion = 17.14.36127.28 d17.14
MinimumVisualStudioVersion = 10.0.40219.1
Project("{FAE04EC0-301F-11D3-BF4B-00C04F79EFBC}") = "WpfApp_EF", "WpfApp_EF.csproj", "{2FA4864B-86F3-79BC-8841-7937F3D16BAC}"
EndProject
Global
	GlobalSection(SolutionConfigurationPlatforms) = preSolution
		Debug|Any CPU = Debug|Any CPU
		Release|Any CPU = Release|Any CPU
	EndGlobalSection
	GlobalSection(ProjectConfigurationPlatforms) = postSolution
		{2FA4864B-86F3-79BC-8841-7937F3D16BAC}.Debug|Any CPU.ActiveCfg = Debug|Any CPU
		{2FA4864B-86F3-79BC-8841-7937F3D16BAC}.Debug|Any CPU.Build.0 = Debug|Any CPU
		{2FA4864B-86F3-79BC-8841-7937F3D16BAC}.Release|Any CPU.ActiveCfg = Release|Any CPU
		{2FA4864B-86F3-79BC-8841-7937F3D16BAC}.Release|Any CPU.Build.0 = Release|Any CPU
	EndGlobalSection
	GlobalSection(SolutionProperties) = preSolution
		HideSolutionNode = FALSE
	EndGlobalSection
	GlobalSection(ExtensibilityGlobals) = postSolution
		SolutionGuid = {B0B241B4-610A-4BB1-861D-6541DFE50AD9}
	EndGlobalSection
EndGlobal
